
Microsoft Visual Studio Solution File, Format Version 12.00
# Visual Studio Version 17
VisualStudioVersion = 17.11.35327.3
MinimumVisualStudioVersion = 10.0.40219.1
Project("{FAE04EC0-301F-11D3-BF4B-00C04F79EFBC}") = "file transfer", "file transfer\file transfer.csproj", "{9196281B-5684-48FF-9529-5E502A94068D}"
EndProject
Project("{54435603-DBB4-11D2-8724-00A0C9A8B90C}") = "Setup1", "Setup1\Setup1.vdproj", "{EE365FD9-F37F-4E67-B8ED-C557622A02E6}"
EndProject
Global
	GlobalSection(SolutionConfigurationPlatforms) = preSolution
		Debug|Any CPU = Debug|Any CPU
		Release|Any CPU = Release|Any CPU
	EndGlobalSection
	GlobalSection(ProjectConfigurationPlatforms) = postSolution
		{9196281B-5684-48FF-9529-5E502A94068D}.Debug|Any CPU.ActiveCfg = Debug|Any CPU
		{9196281B-5684-48FF-9529-5E502A94068D}.Debug|Any CPU.Build.0 = Debug|Any CPU
		{9196281B-5684-48FF-9529-5E502A94068D}.Release|Any CPU.ActiveCfg = Release|Any CPU
		{9196281B-5684-48FF-9529-5E502A94068D}.Release|Any CPU.Build.0 = Release|Any CPU
		{EE365FD9-F37F-4E67-B8ED-C557622A02E6}.Debug|Any CPU.ActiveCfg = Debug
		{EE365FD9-F37F-4E67-B8ED-C557622A02E6}.Release|Any CPU.ActiveCfg = Release
	EndGlobalSection
	GlobalSection(SolutionProperties) = preSolution
		HideSolutionNode = FALSE
	EndGlobalSection
	GlobalSection(ExtensibilityGlobals) = postSolution
		SolutionGuid = {604D0EE3-D866-4BC9-98D1-95B5374A7F57}
	EndGlobalSection
EndGlobal
